
Microsoft Visual Studio Solution File, Format Version 12.00
# Visual Studio 15
VisualStudioVersion = 15.0.28307.271
MinimumVisualStudioVersion = 10.0.40219.1
Project("{FAE04EC0-301F-11D3-BF4B-00C04F79EFBC}") = "HdacSdk", "HdacSdk\HdacSdk.csproj", "{07D28754-ADA2-4925-B5D3-181F795A3C13}"
EndProject
Global
	GlobalSection(SolutionConfigurationPlatforms) = preSolution
		Debug|Any CPU = Debug|Any CPU
		Release|Any CPU = Release|Any CPU
	EndGlobalSection
	GlobalSection(ProjectConfigurationPlatforms) = postSolution
		{07D28754-ADA2-4925-B5D3-181F795A3C13}.Debug|Any CPU.ActiveCfg = Debug|Any CPU
		{07D28754-ADA2-4925-B5D3-181F795A3C13}.Debug|Any CPU.Build.0 = Debug|Any CPU
		{07D28754-ADA2-4925-B5D3-181F795A3C13}.Release|Any CPU.ActiveCfg = Release|Any CPU
		{07D28754-ADA2-4925-B5D3-181F795A3C13}.Release|Any CPU.Build.0 = Release|Any CPU
	EndGlobalSection
	GlobalSection(SolutionProperties) = preSolution
		HideSolutionNode = FALSE
	EndGlobalSection
	GlobalSection(ExtensibilityGlobals) = postSolution
		SolutionGuid = {2F543574-2802-41E3-BC09-8BDB8E7AF7AE}
	EndGlobalSection
EndGlobal
